
Microsoft Visual Studio Solution File, Format Version 12.00
# Visual Studio 15
VisualStudioVersion = 15.0.27703.2035
MinimumVisualStudioVersion = 10.0.40219.1
Project("{9A19103F-16F7-4668-BE54-9A1E7A4F7556}") = "GetIoTHubDataFunction", "GetIoTHubDataFunction\GetIoTHubDataFunction.csproj", "{203089C2-760B-42C4-84FB-BEF57C5D351B}"
EndProject
Project("{FAE04EC0-301F-11D3-BF4B-00C04F79EFBC}") = "GetDeviceTelemetry", "GetDeviceTelemetry\GetDeviceTelemetry.csproj", "{ABB2F6FB-2BA0-4934-8212-A80F960C9852}"
EndProject
Global
	GlobalSection(SolutionConfigurationPlatforms) = preSolution
		Debug|Any CPU = Debug|Any CPU
		Release|Any CPU = Release|Any CPU
	EndGlobalSection
	GlobalSection(ProjectConfigurationPlatforms) = postSolution
		{203089C2-760B-42C4-84FB-BEF57C5D351B}.Debug|Any CPU.ActiveCfg = Debug|Any CPU
		{203089C2-760B-42C4-84FB-BEF57C5D351B}.Debug|Any CPU.Build.0 = Debug|Any CPU
		{203089C2-760B-42C4-84FB-BEF57C5D351B}.Release|Any CPU.ActiveCfg = Release|Any CPU
		{203089C2-760B-42C4-84FB-BEF57C5D351B}.Release|Any CPU.Build.0 = Release|Any CPU
		{ABB2F6FB-2BA0-4934-8212-A80F960C9852}.Debug|Any CPU.ActiveCfg = Debug|Any CPU
		{ABB2F6FB-2BA0-4934-8212-A80F960C9852}.Debug|Any CPU.Build.0 = Debug|Any CPU
		{ABB2F6FB-2BA0-4934-8212-A80F960C9852}.Release|Any CPU.ActiveCfg = Release|Any CPU
		{ABB2F6FB-2BA0-4934-8212-A80F960C9852}.Release|Any CPU.Build.0 = Release|Any CPU
	EndGlobalSection
	GlobalSection(SolutionProperties) = preSolution
		HideSolutionNode = FALSE
	EndGlobalSection
	GlobalSection(ExtensibilityGlobals) = postSolution
		SolutionGuid = {5551A74A-E56F-4FFC-9C00-04690AA7BEFE}
	EndGlobalSection
EndGlobal
